PODS:
  - Capacitor (7.4.5):
    - CapacitorCordova
  - CapacitorCommunityBluetoothLe (7.3.2):
    - Capacitor
  - CapacitorCordova (7.4.5)
  - CapacitorFilesystem (7.1.8):
    - Capacitor
    - IONFilesystemLib (~> 1.1.1)
  - CapacitorPreferences (7.0.3):
    - Capacitor
  - IONFilesystemLib (1.1.2)
  - MicrobitCapacitorCommunityNordicDfu (7.0.0-microbit.4):
    - Capacitor
    - NordicDFU (~> 4.16.0)
  - NordicDFU (4.16.0):
    - ZIPFoundation (= 0.9.19)
  - ZIPFoundation (0.9.19)

DEPENDENCIES:
  - "Capacitor (from `../../../../node_modules/@capacitor/ios`)"
  - "CapacitorCommunityBluetoothLe (from `../../../../node_modules/@capacitor-community/bluetooth-le`)"
  - "CapacitorCordova (from `../../../../node_modules/@capacitor/ios`)"
  - "CapacitorFilesystem (from `../../../../node_modules/@capacitor/filesystem`)"
  - "CapacitorPreferences (from `../../../../node_modules/@capacitor/preferences`)"
  - "MicrobitCapacitorCommunityNordicDfu (from `../../../../node_modules/@microbit/capacitor-community-nordic-dfu`)"

SPEC REPOS:
  trunk:
    - IONFilesystemLib
    - NordicDFU
    - ZIPFoundation

EXTERNAL SOURCES:
  Capacitor:
    :path: "../../../../node_modules/@capacitor/ios"
  CapacitorCommunityBluetoothLe:
    :path: "../../../../node_modules/@capacitor-community/bluetooth-le"
  CapacitorCordova:
    :path: "../../../../node_modules/@capacitor/ios"
  CapacitorFilesystem:
    :path: "../../../../node_modules/@capacitor/filesystem"
  CapacitorPreferences:
    :path: "../../../../node_modules/@capacitor/preferences"
  MicrobitCapacitorCommunityNordicDfu:
    :path: "../../../../node_modules/@microbit/capacitor-community-nordic-dfu"

SPEC CHECKSUMS:
  Capacitor: 12914e6f1b7835e161a74ebd19cb361efa37a7dd
  CapacitorCommunityBluetoothLe: 9aa29c1555fbe797e6b595db824c2acd39a5bdf5
  CapacitorCordova: 31bbe4466000c6b86d9b7f1181ee286cff0205aa
  CapacitorFilesystem: c63fc54df41e5a6761785a7f3c49dc696c22e296
  CapacitorPreferences: 913eef88272c13eb6445b21e51fe8ef6635412cc
  IONFilesystemLib: 21a63377696b2d8fab5632ecfb7d2ac67bddb68a
  MicrobitCapacitorCommunityNordicDfu: fd00d14531eb46f4cc5cfc989d59f46ac12bbcac
  NordicDFU: 116a4ec458945889f8e0e71759e03b23c39c3482
  ZIPFoundation: b8c29ea7ae353b309bc810586181fd073cb3312c

PODFILE CHECKSUM: 3ee5ab709a831f2ba123bf214d783fb91525ba53

COCOAPODS: 1.16.2
