PODS:
  - Capacitor (8.5.0):
    - CapacitorCordova
  - CapacitorCommunityBluetoothLe (8.3.0):
    - Capacitor
  - CapacitorCordova (8.5.0)
  - CapacitorFilesystem (8.1.3):
    - Capacitor
    - IONFilesystemLib (~> 1.1.1)
  - CapacitorPreferences (8.0.1):
    - Capacitor
  - IONFilesystemLib (1.1.2)
  - MicrobitCapacitorCommunityNordicDfu (8.0.0-microbit.1):
    - Capacitor
    - NordicDFU (~> 4.16.0)
  - NordicDFU (4.16.0):
    - ZIPFoundation (= 0.9.19)
  - ZIPFoundation (0.9.19)

DEPENDENCIES:
  - "Capacitor (from `../../../../node_modules/@capacitor/ios`)"
  - "CapacitorCommunityBluetoothLe (from `../../../../node_modules/@capacitor-community/bluetooth-le`)"
  - "CapacitorCordova (from `../../../../node_modules/@capacitor/ios`)"
  - "CapacitorFilesystem (from `../../../../node_modules/@capacitor/filesystem`)"
  - "CapacitorPreferences (from `../../../../node_modules/@capacitor/preferences`)"
  - "MicrobitCapacitorCommunityNordicDfu (from `../../../../node_modules/@microbit/capacitor-community-nordic-dfu`)"

SPEC REPOS:
  trunk:
    - IONFilesystemLib
    - NordicDFU
    - ZIPFoundation

EXTERNAL SOURCES:
  Capacitor:
    :path: "../../../../node_modules/@capacitor/ios"
  CapacitorCommunityBluetoothLe:
    :path: "../../../../node_modules/@capacitor-community/bluetooth-le"
  CapacitorCordova:
    :path: "../../../../node_modules/@capacitor/ios"
  CapacitorFilesystem:
    :path: "../../../../node_modules/@capacitor/filesystem"
  CapacitorPreferences:
    :path: "../../../../node_modules/@capacitor/preferences"
  MicrobitCapacitorCommunityNordicDfu:
    :path: "../../../../node_modules/@microbit/capacitor-community-nordic-dfu"

SPEC CHECKSUMS:
  Capacitor: 00b87168591cc006ea6f5c0de681ec5c39a2c8eb
  CapacitorCommunityBluetoothLe: f9c76baa5338d206b7418c48d945d93d47800af3
  CapacitorCordova: 9d3acbb574048e7167d2af127a0af2123e619f2f
  CapacitorFilesystem: b2bbd84bb91c177906c9dbc252864cb71ab9957b
  CapacitorPreferences: cca2021f386efb75947c850334447d9ff22b14f1
  IONFilesystemLib: 21a63377696b2d8fab5632ecfb7d2ac67bddb68a
  MicrobitCapacitorCommunityNordicDfu: c68ca3803e6f771f645fa74a3745f52a6bdb4f58
  NordicDFU: 116a4ec458945889f8e0e71759e03b23c39c3482
  ZIPFoundation: b8c29ea7ae353b309bc810586181fd073cb3312c

PODFILE CHECKSUM: 817942857764cf07dbd39bd3fe21f40ab6efdc9b

COCOAPODS: 1.16.2
